
Microsoft Visual Studio Solution File, Format Version 12.00
# Visual Studio 15
VisualStudioVersion = 15.0.26124.0
MinimumVisualStudioVersion = 15.0.26124.0
Project("{FAE04EC0-301F-11D3-BF4B-00C04F79EFBC}") = "MovieReminderAPI", "MovieReminderAPI\MovieReminderAPI.csproj", "{47E7A591-3D37-4515-936D-5A529FF5F164}"
EndProject
Project("{FAE04EC0-301F-11D3-BF4B-00C04F79EFBC}") = "SignupAndLoginDLL", "SignupAndLoginDLL\SignupAndLoginDLL.csproj", "{12EA2F8A-894B-4276-B4AE-C50AEE7BC95B}"
EndProject
Project("{FAE04EC0-301F-11D3-BF4B-00C04F79EFBC}") = "MovieTableDLL", "MovieTableDLL\MovieTableDLL.csproj", "{3333286F-EF07-4ADF-A12F-C3F06EDF2828}"
EndProject
Global
	GlobalSection(SolutionConfigurationPlatforms) = preSolution
		Debug|Any CPU = Debug|Any CPU
		Debug|x64 = Debug|x64
		Debug|x86 = Debug|x86
		Release|Any CPU = Release|Any CPU
		Release|x64 = Release|x64
		Release|x86 = Release|x86
	EndGlobalSection
	GlobalSection(SolutionProperties) = preSolution
		HideSolutionNode = FALSE
	EndGlobalSection
	GlobalSection(ProjectConfigurationPlatforms) = postSolution
		{47E7A591-3D37-4515-936D-5A529FF5F164}.Debug|Any CPU.ActiveCfg = Debug|Any CPU
		{47E7A591-3D37-4515-936D-5A529FF5F164}.Debug|Any CPU.Build.0 = Debug|Any CPU
		{47E7A591-3D37-4515-936D-5A529FF5F164}.Debug|x64.ActiveCfg = Debug|Any CPU
		{47E7A591-3D37-4515-936D-5A529FF5F164}.Debug|x64.Build.0 = Debug|Any CPU
		{47E7A591-3D37-4515-936D-5A529FF5F164}.Debug|x86.ActiveCfg = Debug|Any CPU
		{47E7A591-3D37-4515-936D-5A529FF5F164}.Debug|x86.Build.0 = Debug|Any CPU
		{47E7A591-3D37-4515-936D-5A529FF5F164}.Release|Any CPU.ActiveCfg = Release|Any CPU
		{47E7A591-3D37-4515-936D-5A529FF5F164}.Release|Any CPU.Build.0 = Release|Any CPU
		{47E7A591-3D37-4515-936D-5A529FF5F164}.Release|x64.ActiveCfg = Release|Any CPU
		{47E7A591-3D37-4515-936D-5A529FF5F164}.Release|x64.Build.0 = Release|Any CPU
		{47E7A591-3D37-4515-936D-5A529FF5F164}.Release|x86.ActiveCfg = Release|Any CPU
		{47E7A591-3D37-4515-936D-5A529FF5F164}.Release|x86.Build.0 = Release|Any CPU
		{12EA2F8A-894B-4276-B4AE-C50AEE7BC95B}.Debug|Any CPU.ActiveCfg = Debug|Any CPU
		{12EA2F8A-894B-4276-B4AE-C50AEE7BC95B}.Debug|Any CPU.Build.0 = Debug|Any CPU
		{12EA2F8A-894B-4276-B4AE-C50AEE7BC95B}.Debug|x64.ActiveCfg = Debug|Any CPU
		{12EA2F8A-894B-4276-B4AE-C50AEE7BC95B}.Debug|x64.Build.0 = Debug|Any CPU
		{12EA2F8A-894B-4276-B4AE-C50AEE7BC95B}.Debug|x86.ActiveCfg = Debug|Any CPU
		{12EA2F8A-894B-4276-B4AE-C50AEE7BC95B}.Debug|x86.Build.0 = Debug|Any CPU
		{12EA2F8A-894B-4276-B4AE-C50AEE7BC95B}.Release|Any CPU.ActiveCfg = Release|Any CPU
		{12EA2F8A-894B-4276-B4AE-C50AEE7BC95B}.Release|Any CPU.Build.0 = Release|Any CPU
		{12EA2F8A-894B-4276-B4AE-C50AEE7BC95B}.Release|x64.ActiveCfg = Release|Any CPU
		{12EA2F8A-894B-4276-B4AE-C50AEE7BC95B}.Release|x64.Build.0 = Release|Any CPU
		{12EA2F8A-894B-4276-B4AE-C50AEE7BC95B}.Release|x86.ActiveCfg = Release|Any CPU
		{12EA2F8A-894B-4276-B4AE-C50AEE7BC95B}.Release|x86.Build.0 = Release|Any CPU
		{3333286F-EF07-4ADF-A12F-C3F06EDF2828}.Debug|Any CPU.ActiveCfg = Debug|Any CPU
		{3333286F-EF07-4ADF-A12F-C3F06EDF2828}.Debug|Any CPU.Build.0 = Debug|Any CPU
		{3333286F-EF07-4ADF-A12F-C3F06EDF2828}.Debug|x64.ActiveCfg = Debug|Any CPU
		{3333286F-EF07-4ADF-A12F-C3F06EDF2828}.Debug|x64.Build.0 = Debug|Any CPU
		{3333286F-EF07-4ADF-A12F-C3F06EDF2828}.Debug|x86.ActiveCfg = Debug|Any CPU
		{3333286F-EF07-4ADF-A12F-C3F06EDF2828}.Debug|x86.Build.0 = Debug|Any CPU
		{3333286F-EF07-4ADF-A12F-C3F06EDF2828}.Release|Any CPU.ActiveCfg = Release|Any CPU
		{3333286F-EF07-4ADF-A12F-C3F06EDF2828}.Release|Any CPU.Build.0 = Release|Any CPU
		{3333286F-EF07-4ADF-A12F-C3F06EDF2828}.Release|x64.ActiveCfg = Release|Any CPU
		{3333286F-EF07-4ADF-A12F-C3F06EDF2828}.Release|x64.Build.0 = Release|Any CPU
		{3333286F-EF07-4ADF-A12F-C3F06EDF2828}.Release|x86.ActiveCfg = Release|Any CPU
		{3333286F-EF07-4ADF-A12F-C3F06EDF2828}.Release|x86.Build.0 = Release|Any CPU
	EndGlobalSection
EndGlobal
